
Microsoft Visual Studio Solution File, Format Version 12.00
# Visual Studio Version 17
VisualStudioVersion = 17.3.32825.248
MinimumVisualStudioVersion = 10.0.40219.1
Project("{9A19103F-16F7-4668-BE54-9A1E7A4F7556}") = "CargoShip", "CargoShip.csproj", "{9FDCD830-C30B-4046-993C-A5B29F6F8419}"
EndProject
Project("{9A19103F-16F7-4668-BE54-9A1E7A4F7556}") = "Tests", "..\Tests\Tests.csproj", "{12F841E9-8BFF-4C57-B17B-BB1E912A5D23}"
EndProject
Global
	GlobalSection(SolutionConfigurationPlatforms) = preSolution
		Debug|Any CPU = Debug|Any CPU
		Release|Any CPU = Release|Any CPU
	EndGlobalSection
	GlobalSection(ProjectConfigurationPlatforms) = postSolution
		{9FDCD830-C30B-4046-993C-A5B29F6F8419}.Debug|Any CPU.ActiveCfg = Debug|Any CPU
		{9FDCD830-C30B-4046-993C-A5B29F6F8419}.Debug|Any CPU.Build.0 = Debug|Any CPU
		{9FDCD830-C30B-4046-993C-A5B29F6F8419}.Release|Any CPU.ActiveCfg = Release|Any CPU
		{9FDCD830-C30B-4046-993C-A5B29F6F8419}.Release|Any CPU.Build.0 = Release|Any CPU
		{12F841E9-8BFF-4C57-B17B-BB1E912A5D23}.Debug|Any CPU.ActiveCfg = Debug|Any CPU
		{12F841E9-8BFF-4C57-B17B-BB1E912A5D23}.Debug|Any CPU.Build.0 = Debug|Any CPU
		{12F841E9-8BFF-4C57-B17B-BB1E912A5D23}.Release|Any CPU.ActiveCfg = Release|Any CPU
		{12F841E9-8BFF-4C57-B17B-BB1E912A5D23}.Release|Any CPU.Build.0 = Release|Any CPU
	EndGlobalSection
	GlobalSection(SolutionProperties) = preSolution
		HideSolutionNode = FALSE
	EndGlobalSection
	GlobalSection(ExtensibilityGlobals) = postSolution
		SolutionGuid = {E021DE83-B8E4-40BA-A7CA-47C00172FE9A}
	EndGlobalSection
EndGlobal
